// !$*UTF8*$!
{
	archiveVersion = 1;
	classes = {
	};
	objectVersion = 46;
	objects = {

/* Begin PBXBuildFile section */
		3E2EE738151839AF00FBBB44 /* 1.png in Resources */ = {isa = PBXBuildFile; fileRef = 3E2EE734151839AF00FBBB44 /* 1.png */; };
		3E2EE739151839AF00FBBB44 /* 2.png in Resources */ = {isa = PBXBuildFile; fileRef = 3E2EE735151839AF00FBBB44 /* 2.png */; };
		3E2EE73A151839AF00FBBB44 /* 3.png in Resources */ = {isa = PBXBuildFile; fileRef = 3E2EE736151839AF00FBBB44 /* 3.png */; };
		3E2EE73B151839AF00FBBB44 /* 4.png in Resources */ = {isa = PBXBuildFile; fileRef = 3E2EE737151839AF00FBBB44 /* 4.png */; };
		42569E5A1516F9C6009834B0 /* libCorePlot-CocoaTouch.a in Frameworks */ = {isa = PBXBuildFile; fileRef = 42569E591516F9C6009834B0 /* libCorePlot-CocoaTouch.a */; };
		42BA8B5E15164D22009231A2 /* Entry.m in Sources */ = {isa = PBXBuildFile; fileRef = 42BA8B5D15164D22009231A2 /* Entry.m */; };
		42BA8B6515169F18009231A2 /* WeightTableViewController.m in Sources */ = {isa = PBXBuildFile; fileRef = 42BA8B6415169F18009231A2 /* WeightTableViewController.m */; };
		42BEC3521511925D003AD1C9 /* wallpaper.jpg in Resources */ = {isa = PBXBuildFile; fileRef = 42BEC3511511925D003AD1C9 /* wallpaper.jpg */; };
		42E95670150EFB13004CD3FA /* UIKit.framework in Frameworks */ = {isa = PBXBuildFile; fileRef = 42E9566F150EFB13004CD3FA /* UIKit.framework */; };
		42E95672150EFB13004CD3FA /* Foundation.framework in Frameworks */ = {isa = PBXBuildFile; fileRef = 42E95671150EFB13004CD3FA /* Foundation.framework */; };
		42E95674150EFB13004CD3FA /* CoreGraphics.framework in Frameworks */ = {isa = PBXBuildFile; fileRef = 42E95673150EFB13004CD3FA /* CoreGraphics.framework */; };
		42E9567A150EFB13004CD3FA /* InfoPlist.strings in Resources */ = {isa = PBXBuildFile; fileRef = 42E95678150EFB13004CD3FA /* InfoPlist.strings */; };
		42E9567C150EFB13004CD3FA /* main.m in Sources */ = {isa = PBXBuildFile; fileRef = 42E9567B150EFB13004CD3FA /* main.m */; };
		42E95680150EFB13004CD3FA /* AppDelegate.m in Sources */ = {isa = PBXBuildFile; fileRef = 42E9567F150EFB13004CD3FA /* AppDelegate.m */; };
		42E95683150EFB13004CD3FA /* MainStoryboard.storyboard in Resources */ = {isa = PBXBuildFile; fileRef = 42E95681150EFB13004CD3FA /* MainStoryboard.storyboard */; };
		42E95686150EFB13004CD3FA /* GroupTrendViewController.m in Sources */ = {isa = PBXBuildFile; fileRef = 42E95685150EFB13004CD3FA /* GroupTrendViewController.m */; };
		42E9569C150F16A5004CD3FA /* ProfileViewController.m in Sources */ = {isa = PBXBuildFile; fileRef = 42E9569B150F16A5004CD3FA /* ProfileViewController.m */; };
		42E956A0150F17EA004CD3FA /* User.m in Sources */ = {isa = PBXBuildFile; fileRef = 42E9569F150F17EA004CD3FA /* User.m */; };
		42E956A3150F19F7004CD3FA /* MainTabBarViewController.m in Sources */ = {isa = PBXBuildFile; fileRef = 42E956A2150F19F7004CD3FA /* MainTabBarViewController.m */; };
		42EFFDD01513D84800F82E03 /* QuartzCore.framework in Frameworks */ = {isa = PBXBuildFile; fileRef = 42EFFDCF1513D84800F82E03 /* QuartzCore.framework */; };
		42EFFDD31513DD8500F82E03 /* WeightChartViewController.m in Sources */ = {isa = PBXBuildFile; fileRef = 42EFFDD21513DD8500F82E03 /* WeightChartViewController.m */; };
/* End PBXBuildFile section */

/* Begin PBXFileReference section */
		3E2EE734151839AF00FBBB44 /* 1.png */ = {isa = PBXFileReference; lastKnownFileType = image.png; path = 1.png; sourceTree = "<group>"; };
		3E2EE735151839AF00FBBB44 /* 2.png */ = {isa = PBXFileReference; lastKnownFileType = image.png; path = 2.png; sourceTree = "<group>"; };
		3E2EE736151839AF00FBBB44 /* 3.png */ = {isa = PBXFileReference; lastKnownFileType = image.png; path = 3.png; sourceTree = "<group>"; };
		3E2EE737151839AF00FBBB44 /* 4.png */ = {isa = PBXFileReference; lastKnownFileType = image.png; path = 4.png; sourceTree = "<group>"; };
		42569E0A1516F9C6009834B0 /* _CPTConstraintsFixed.h */ = {isa = PBXFileReference; fileEncoding = 4; lastKnownFileType = sourcecode.c.h; path = _CPTConstraintsFixed.h; sourceTree = "<group>"; };
		42569E0B1516F9C6009834B0 /* _CPTConstraintsRelative.h */ = {isa = PBXFileReference; fileEncoding = 4; lastKnownFileType = sourcecode.c.h; path = _CPTConstraintsRelative.h; sourceTree = "<group>"; };
		42569E0C1516F9C6009834B0 /* _CPTDarkGradientTheme.h */ = {isa = PBXFileReference; fileEncoding = 4; lastKnownFileType = sourcecode.c.h; path = _CPTDarkGradientTheme.h; sourceTree = "<group>"; };
		42569E0D1516F9C6009834B0 /* _CPTFillColor.h */ = {isa = PBXFileReference; fileEncoding = 4; lastKnownFileType = sourcecode.c.h; path = _CPTFillColor.h; sourceTree = "<group>"; };
		42569E0E1516F9C6009834B0 /* _CPTFillGradient.h */ = {isa = PBXFileReference; fileEncoding = 4; lastKnownFileType = sourcecode.c.h; path = _CPTFillGradient.h; sourceTree = "<group>"; };
		42569E0F1516F9C6009834B0 /* _CPTFillImage.h */ = {isa = PBXFileReference; fileEncoding = 4; lastKnownFileType = sourcecode.c.h; path = _CPTFillImage.h; sourceTree = "<group>"; };
		42569E101516F9C6009834B0 /* _CPTPlainBlackTheme.h */ = {isa = PBXFileReference; fileEncoding = 4; lastKnownFileType = sourcecode.c.h; path = _CPTPlainBlackTheme.h; sourceTree = "<group>"; };
		42569E111516F9C6009834B0 /* _CPTPlainWhiteTheme.h */ = {isa = PBXFileReference; fileEncoding = 4; lastKnownFileType = sourcecode.c.h; path = _CPTPlainWhiteTheme.h; sourceTree = "<group>"; };
		42569E121516F9C6009834B0 /* _CPTSlateTheme.h */ = {isa = PBXFileReference; fileEncoding = 4; lastKnownFileType = sourcecode.c.h; path = _CPTSlateTheme.h; sourceTree = "<group>"; };
		42569E131516F9C6009834B0 /* _CPTStocksTheme.h */ = {isa = PBXFileReference; fileEncoding = 4; lastKnownFileType = sourcecode.c.h; path = _CPTStocksTheme.h; sourceTree = "<group>"; };
		42569E141516F9C6009834B0 /* _CPTXYTheme.h */ = {isa = PBXFileReference; fileEncoding = 4; lastKnownFileType = sourcecode.c.h; path = _CPTXYTheme.h; sourceTree = "<group>"; };
		42569E151516F9C6009834B0 /* CorePlot-CocoaTouch.h */ = {isa = PBXFileReference; fileEncoding = 4; lastKnownFileType = sourcecode.c.h; path = "CorePlot-CocoaTouch.h"; sourceTree = "<group>"; };
		42569E161516F9C6009834B0 /* CPTAnnotation.h */ = {isa = PBXFileReference; fileEncoding = 4; lastKnownFileType = sourcecode.c.h; path = CPTAnnotation.h; sourceTree = "<group>"; };
		42569E171516F9C6009834B0 /* CPTAnnotationHostLayer.h */ = {isa = PBXFileReference; fileEncoding = 4; lastKnownFileType = sourcecode.c.h; path = CPTAnnotationHostLayer.h; sourceTree = "<group>"; };
		42569E181516F9C6009834B0 /* CPTAxis.h */ = {isa = PBXFileReference; fileEncoding = 4; lastKnownFileType = sourcecode.c.h; path = CPTAxis.h; sourceTree = "<group>"; };
		42569E191516F9C6009834B0 /* CPTAxisLabel.h */ = {isa = PBXFileReference; fileEncoding = 4; lastKnownFileType = sourcecode.c.h; path = CPTAxisLabel.h; sourceTree = "<group>"; };
		42569E1A1516F9C6009834B0 /* CPTAxisLabelGroup.h */ = {isa = PBXFileReference; fileEncoding = 4; lastKnownFileType = sourcecode.c.h; path = CPTAxisLabelGroup.h; sourceTree = "<group>"; };
		42569E1B1516F9C6009834B0 /* CPTAxisSet.h */ = {isa = PBXFileReference; fileEncoding = 4; lastKnownFileType = sourcecode.c.h; path = CPTAxisSet.h; sourceTree = "<group>"; };
		42569E1C1516F9C6009834B0 /* CPTAxisTitle.h */ = {isa = PBXFileReference; fileEncoding = 4; lastKnownFileType = sourcecode.c.h; path = CPTAxisTitle.h; sourceTree = "<group>"; };
		42569E1D1516F9C6009834B0 /* CPTBarPlot.h */ = {isa = PBXFileReference; fileEncoding = 4; lastKnownFileType = sourcecode.c.h; path = CPTBarPlot.h; sourceTree = "<group>"; };
		42569E1E1516F9C6009834B0 /* CPTBorderedLayer.h */ = {isa = PBXFileReference; fileEncoding = 4; lastKnownFileType = sourcecode.c.h; path = CPTBorderedLayer.h; sourceTree = "<group>"; };
		42569E1F1516F9C6009834B0 /* CPTColor.h */ = {isa = PBXFileReference; fileEncoding = 4; lastKnownFileType = sourcecode.c.h; path = CPTColor.h; sourceTree = "<group>"; };
		42569E201516F9C6009834B0 /* CPTColorSpace.h */ = {isa = PBXFileReference; fileEncoding = 4; lastKnownFileType = sourcecode.c.h; path = CPTColorSpace.h; sourceTree = "<group>"; };
		42569E211516F9C6009834B0 /* CPTConstraints.h */ = {isa = PBXFileReference; fileEncoding = 4; lastKnownFileType = sourcecode.c.h; path = CPTConstraints.h; sourceTree = "<group>"; };
		42569E221516F9C6009834B0 /* CPTDefinitions.h */ = {isa = PBXFileReference; fileEncoding = 4; lastKnownFileType = sourcecode.c.h; path = CPTDefinitions.h; sourceTree = "<group>"; };
		42569E231516F9C6009834B0 /* CPTExceptions.h */ = {isa = PBXFileReference; fileEncoding = 4; lastKnownFileType = sourcecode.c.h; path = CPTExceptions.h; sourceTree = "<group>"; };
		42569E241516F9C6009834B0 /* CPTFill.h */ = {isa = PBXFileReference; fileEncoding = 4; lastKnownFileType = sourcecode.c.h; path = CPTFill.h; sourceTree = "<group>"; };
		42569E251516F9C6009834B0 /* CPTGradient.h */ = {isa = PBXFileReference; fileEncoding = 4; lastKnownFileType = sourcecode.c.h; path = CPTGradient.h; sourceTree = "<group>"; };
		42569E261516F9C6009834B0 /* CPTGraph.h */ = {isa = PBXFileReference; fileEncoding = 4; lastKnownFileType = sourcecode.c.h; path = CPTGraph.h; sourceTree = "<group>"; };
		42569E271516F9C6009834B0 /* CPTGraphHostingView.h */ = {isa = PBXFileReference; fileEncoding = 4; lastKnownFileType = sourcecode.c.h; path = CPTGraphHostingView.h; sourceTree = "<group>"; };
		42569E281516F9C6009834B0 /* CPTGridLineGroup.h */ = {isa = PBXFileReference; fileEncoding = 4; lastKnownFileType = sourcecode.c.h; path = CPTGridLineGroup.h; sourceTree = "<group>"; };
		42569E291516F9C6009834B0 /* CPTGridLines.h */ = {isa = PBXFileReference; fileEncoding = 4; lastKnownFileType = sourcecode.c.h; path = CPTGridLines.h; sourceTree = "<group>"; };
		42569E2A1516F9C6009834B0 /* CPTImage.h */ = {isa = PBXFileReference; fileEncoding = 4; lastKnownFileType = sourcecode.c.h; path = CPTImage.h; sourceTree = "<group>"; };
		42569E2B1516F9C6009834B0 /* CPTLayer.h */ = {isa = PBXFileReference; fileEncoding = 4; lastKnownFileType = sourcecode.c.h; path = CPTLayer.h; sourceTree = "<group>"; };
		42569E2C1516F9C6009834B0 /* CPTLayerAnnotation.h */ = {isa = PBXFileReference; fileEncoding = 4; lastKnownFileType = sourcecode.c.h; path = CPTLayerAnnotation.h; sourceTree = "<group>"; };
		42569E2D1516F9C6009834B0 /* CPTLegend.h */ = {isa = PBXFileReference; fileEncoding = 4; lastKnownFileType = sourcecode.c.h; path = CPTLegend.h; sourceTree = "<group>"; };
		42569E2E1516F9C6009834B0 /* CPTLegendEntry.h */ = {isa = PBXFileReference; fileEncoding = 4; lastKnownFileType = sourcecode.c.h; path = CPTLegendEntry.h; sourceTree = "<group>"; };
		42569E2F1516F9C6009834B0 /* CPTLimitBand.h */ = {isa = PBXFileReference; fileEncoding = 4; lastKnownFileType = sourcecode.c.h; path = CPTLimitBand.h; sourceTree = "<group>"; };
		42569E301516F9C6009834B0 /* CPTLineCap.h */ = {isa = PBXFileReference; fileEncoding = 4; lastKnownFileType = sourcecode.c.h; path = CPTLineCap.h; sourceTree = "<group>"; };
		42569E311516F9C6009834B0 /* CPTLineStyle.h */ = {isa = PBXFileReference; fileEncoding = 4; lastKnownFileType = sourcecode.c.h; path = CPTLineStyle.h; sourceTree = "<group>"; };
		42569E321516F9C6009834B0 /* CPTMutableLineStyle.h */ = {isa = PBXFileReference; fileEncoding = 4; lastKnownFileType = sourcecode.c.h; path = CPTMutableLineStyle.h; sourceTree = "<group>"; };
		42569E331516F9C6009834B0 /* CPTMutableNumericData+TypeConversion.h */ = {isa = PBXFileReference; fileEncoding = 4; lastKnownFileType = sourcecode.c.h; path = "CPTMutableNumericData+TypeConversion.h"; sourceTree = "<group>"; };
		42569E341516F9C6009834B0 /* CPTMutableNumericData.h */ = {isa = PBXFileReference; fileEncoding = 4; lastKnownFileType = sourcecode.c.h; path = CPTMutableNumericData.h; sourceTree = "<group>"; };
		42569E351516F9C6009834B0 /* CPTMutablePlotRange.h */ = {isa = PBXFileReference; fileEncoding = 4; lastKnownFileType = sourcecode.c.h; path = CPTMutablePlotRange.h; sourceTree = "<group>"; };
		42569E361516F9C6009834B0 /* CPTMutableShadow.h */ = {isa = PBXFileReference; fileEncoding = 4; lastKnownFileType = sourcecode.c.h; path = CPTMutableShadow.h; sourceTree = "<group>"; };
		42569E371516F9C6009834B0 /* CPTMutableTextStyle.h */ = {isa = PBXFileReference; fileEncoding = 4; lastKnownFileType = sourcecode.c.h; path = CPTMutableTextStyle.h; sourceTree = "<group>"; };
		42569E381516F9C6009834B0 /* CPTNumericData+TypeConversion.h */ = {isa = PBXFileReference; fileEncoding = 4; lastKnownFileType = sourcecode.c.h; path = "CPTNumericData+TypeConversion.h"; sourceTree = "<group>"; };
		42569E391516F9C6009834B0 /* CPTNumericData.h */ = {isa = PBXFileReference; fileEncoding = 4; lastKnownFileType = sourcecode.c.h; path = CPTNumericData.h; sourceTree = "<group>"; };
		42569E3A1516F9C6009834B0 /* CPTNumericDataType.h */ = {isa = PBXFileReference; fileEncoding = 4; lastKnownFileType = sourcecode.c.h; path = CPTNumericDataType.h; sourceTree = "<group>"; };
		42569E3B1516F9C6009834B0 /* CPTPathExtensions.h */ = {isa = PBXFileReference; fileEncoding = 4; lastKnownFileType = sourcecode.c.h; path = CPTPathExtensions.h; sourceTree = "<group>"; };
		42569E3C1516F9C6009834B0 /* CPTPieChart.h */ = {isa = PBXFileReference; fileEncoding = 4; lastKnownFileType = sourcecode.c.h; path = CPTPieChart.h; sourceTree = "<group>"; };
		42569E3D1516F9C6009834B0 /* CPTPlatformSpecificCategories.h */ = {isa = PBXFileReference; fileEncoding = 4; lastKnownFileType = sourcecode.c.h; path = CPTPlatformSpecificCategories.h; sourceTree = "<group>"; };
		42569E3E1516F9C6009834B0 /* CPTPlatformSpecificDefines.h */ = {isa = PBXFileReference; fileEncoding = 4; lastKnownFileType = sourcecode.c.h; path = CPTPlatformSpecificDefines.h; sourceTree = "<group>"; };
		42569E3F1516F9C6009834B0 /* CPTPlatformSpecificFunctions.h */ = {isa = PBXFileReference; fileEncoding = 4; lastKnownFileType = sourcecode.c.h; path = CPTPlatformSpecificFunctions.h; sourceTree = "<group>"; };
		42569E401516F9C6009834B0 /* CPTPlot.h */ = {isa = PBXFileReference; fileEncoding = 4; lastKnownFileType = sourcecode.c.h; path = CPTPlot.h; sourceTree = "<group>"; };
		42569E411516F9C6009834B0 /* CPTPlotArea.h */ = {isa = PBXFileReference; fileEncoding = 4; lastKnownFileType = sourcecode.c.h; path = CPTPlotArea.h; sourceTree = "<group>"; };
		42569E421516F9C6009834B0 /* CPTPlotAreaFrame.h */ = {isa = PBXFileReference; fileEncoding = 4; lastKnownFileType = sourcecode.c.h; path = CPTPlotAreaFrame.h; sourceTree = "<group>"; };
		42569E431516F9C6009834B0 /* CPTPlotGroup.h */ = {isa = PBXFileReference; fileEncoding = 4; lastKnownFileType = sourcecode.c.h; path = CPTPlotGroup.h; sourceTree = "<group>"; };
		42569E441516F9C6009834B0 /* CPTPlotRange.h */ = {isa = PBXFileReference; fileEncoding = 4; lastKnownFileType = sourcecode.c.h; path = CPTPlotRange.h; sourceTree = "<group>"; };
		42569E451516F9C6009834B0 /* CPTPlotSpace.h */ = {isa = PBXFileReference; fileEncoding = 4; lastKnownFileType = sourcecode.c.h; path = CPTPlotSpace.h; sourceTree = "<group>"; };
		42569E461516F9C6009834B0 /* CPTPlotSpaceAnnotation.h */ = {isa = PBXFileReference; fileEncoding = 4; lastKnownFileType = sourcecode.c.h; path = CPTPlotSpaceAnnotation.h; sourceTree = "<group>"; };
		42569E471516F9C6009834B0 /* CPTPlotSymbol.h */ = {isa = PBXFileReference; fileEncoding = 4; lastKnownFileType = sourcecode.c.h; path = CPTPlotSymbol.h; sourceTree = "<group>"; };
		42569E481516F9C6009834B0 /* CPTRangePlot.h */ = {isa = PBXFileReference; fileEncoding = 4; lastKnownFileType = sourcecode.c.h; path = CPTRangePlot.h; sourceTree = "<group>"; };
		42569E491516F9C6009834B0 /* CPTResponder.h */ = {isa = PBXFileReference; fileEncoding = 4; lastKnownFileType = sourcecode.c.h; path = CPTResponder.h; sourceTree = "<group>"; };
		42569E4A1516F9C6009834B0 /* CPTScatterPlot.h */ = {isa = PBXFileReference; fileEncoding = 4; lastKnownFileType = sourcecode.c.h; path = CPTScatterPlot.h; sourceTree = "<group>"; };
		42569E4B1516F9C6009834B0 /* CPTShadow.h */ = {isa = PBXFileReference; fileEncoding = 4; lastKnownFileType = sourcecode.c.h; path = CPTShadow.h; sourceTree = "<group>"; };
		42569E4C1516F9C6009834B0 /* CPTTextLayer.h */ = {isa = PBXFileReference; fileEncoding = 4; lastKnownFileType = sourcecode.c.h; path = CPTTextLayer.h; sourceTree = "<group>"; };
		42569E4D1516F9C6009834B0 /* CPTTextStyle.h */ = {isa = PBXFileReference; fileEncoding = 4; lastKnownFileType = sourcecode.c.h; path = CPTTextStyle.h; sourceTree = "<group>"; };
		42569E4E1516F9C6009834B0 /* CPTTheme.h */ = {isa = PBXFileReference; fileEncoding = 4; lastKnownFileType = sourcecode.c.h; path = CPTTheme.h; sourceTree = "<group>"; };
		42569E4F1516F9C6009834B0 /* CPTTimeFormatter.h */ = {isa = PBXFileReference; fileEncoding = 4; lastKnownFileType = sourcecode.c.h; path = CPTTimeFormatter.h; sourceTree = "<group>"; };
		42569E501516F9C6009834B0 /* CPTTradingRangePlot.h */ = {isa = PBXFileReference; fileEncoding = 4; lastKnownFileType = sourcecode.c.h; path = CPTTradingRangePlot.h; sourceTree = "<group>"; };
		42569E511516F9C6009834B0 /* CPTUtilities.h */ = {isa = PBXFileReference; fileEncoding = 4; lastKnownFileType = sourcecode.c.h; path = CPTUtilities.h; sourceTree = "<group>"; };
		42569E521516F9C6009834B0 /* CPTXYAxis.h */ = {isa = PBXFileReference; fileEncoding = 4; lastKnownFileType = sourcecode.c.h; path = CPTXYAxis.h; sourceTree = "<group>"; };
		42569E531516F9C6009834B0 /* CPTXYAxisSet.h */ = {isa = PBXFileReference; fileEncoding = 4; lastKnownFileType = sourcecode.c.h; path = CPTXYAxisSet.h; sourceTree = "<group>"; };
		42569E541516F9C6009834B0 /* CPTXYGraph.h */ = {isa = PBXFileReference; fileEncoding = 4; lastKnownFileType = sourcecode.c.h; path = CPTXYGraph.h; sourceTree = "<group>"; };
		42569E551516F9C6009834B0 /* CPTXYPlotSpace.h */ = {isa = PBXFileReference; fileEncoding = 4; lastKnownFileType = sourcecode.c.h; path = CPTXYPlotSpace.h; sourceTree = "<group>"; };
		42569E561516F9C6009834B0 /* NSCoderExtensions.h */ = {isa = PBXFileReference; fileEncoding = 4; lastKnownFileType = sourcecode.c.h; path = NSCoderExtensions.h; sourceTree = "<group>"; };
		42569E571516F9C6009834B0 /* NSDecimalNumberExtensions.h */ = {isa = PBXFileReference; fileEncoding = 4; lastKnownFileType = sourcecode.c.h; path = NSDecimalNumberExtensions.h; sourceTree = "<group>"; };
		42569E581516F9C6009834B0 /* NSNumberExtensions.h */ = {isa = PBXFileReference; fileEncoding = 4; lastKnownFileType = sourcecode.c.h; path = NSNumberExtensions.h; sourceTree = "<group>"; };
		42569E591516F9C6009834B0 /* libCorePlot-CocoaTouch.a */ = {isa = PBXFileReference; lastKnownFileType = archive.ar; path = "libCorePlot-CocoaTouch.a"; sourceTree = "<group>"; };
		42BA8B5C15164D22009231A2 /* Entry.h */ = {isa = PBXFileReference; fileEncoding = 4; lastKnownFileType = sourcecode.c.h; path = Entry.h; sourceTree = "<group>"; };
		42BA8B5D15164D22009231A2 /* Entry.m */ = {isa = PBXFileReference; fileEncoding = 4; lastKnownFileType = sourcecode.c.objc; path = Entry.m; sourceTree = "<group>"; };
		42BA8B6315169F18009231A2 /* WeightTableViewController.h */ = {isa = PBXFileReference; fileEncoding = 4; lastKnownFileType = sourcecode.c.h; path = WeightTableViewController.h; sourceTree = "<group>"; };
		42BA8B6415169F18009231A2 /* WeightTableViewController.m */ = {isa = PBXFileReference; fileEncoding = 4; lastKnownFileType = sourcecode.c.objc; path = WeightTableViewController.m; sourceTree = "<group>"; };
		42BEC3511511925D003AD1C9 /* wallpaper.jpg */ = {isa = PBXFileReference; lastKnownFileType = image.jpeg; name = wallpaper.jpg; path = Resources/wallpaper.jpg; sourceTree = "<group>"; };
		42E9566B150EFB13004CD3FA /* GroupWeightShare.app */ = {isa = PBXFileReference; explicitFileType = wrapper.application; includeInIndex = 0; path = GroupWeightShare.app; sourceTree = BUILT_PRODUCTS_DIR; };
		42E9566F150EFB13004CD3FA /* UIKit.framework */ = {isa = PBXFileReference; lastKnownFileType = wrapper.framework; name = UIKit.framework; path = System/Library/Frameworks/UIKit.framework; sourceTree = SDKROOT; };
		42E95671150EFB13004CD3FA /* Foundation.framework */ = {isa = PBXFileReference; lastKnownFileType = wrapper.framework; name = Foundation.framework; path = System/Library/Frameworks/Foundation.framework; sourceTree = SDKROOT; };
		42E95673150EFB13004CD3FA /* CoreGraphics.framework */ = {isa = PBXFileReference; lastKnownFileType = wrapper.framework; name = CoreGraphics.framework; path = System/Library/Frameworks/CoreGraphics.framework; sourceTree = SDKROOT; };
		42E95677150EFB13004CD3FA /* GroupWeightShare-Info.plist */ = {isa = PBXFileReference; lastKnownFileType = text.plist.xml; path = "GroupWeightShare-Info.plist"; sourceTree = "<group>"; };
		42E95679150EFB13004CD3FA /* en */ = {isa = PBXFileReference; lastKnownFileType = text.plist.strings; name = en; path = en.lproj/InfoPlist.strings; sourceTree = "<group>"; };
		42E9567B150EFB13004CD3FA /* main.m */ = {isa = PBXFileReference; lastKnownFileType = sourcecode.c.objc; path = main.m; sourceTree = "<group>"; };
		42E9567D150EFB13004CD3FA /* GroupWeightShare-Prefix.pch */ = {isa = PBXFileReference; lastKnownFileType = sourcecode.c.h; path = "GroupWeightShare-Prefix.pch"; sourceTree = "<group>"; };
		42E9567E150EFB13004CD3FA /* AppDelegate.h */ = {isa = PBXFileReference; lastKnownFileType = sourcecode.c.h; path = AppDelegate.h; sourceTree = "<group>"; };
		42E9567F150EFB13004CD3FA /* AppDelegate.m */ = {isa = PBXFileReference; lastKnownFileType = sourcecode.c.objc; path = AppDelegate.m; sourceTree = "<group>"; };
		42E95682150EFB13004CD3FA /* en */ = {isa = PBXFileReference; lastKnownFileType = file.storyboard; name = en; path = en.lproj/MainStoryboard.storyboard; sourceTree = "<group>"; };
		42E95684150EFB13004CD3FA /* GroupTrendViewController.h */ = {isa = PBXFileReference; lastKnownFileType = sourcecode.c.h; path = GroupTrendViewController.h; sourceTree = "<group>"; };
		42E95685150EFB13004CD3FA /* GroupTrendViewController.m */ = {isa = PBXFileReference; lastKnownFileType = sourcecode.c.objc; path = GroupTrendViewController.m; sourceTree = "<group>"; };
		42E9569A150F16A5004CD3FA /* ProfileViewController.h */ = {isa = PBXFileReference; fileEncoding = 4; lastKnownFileType = sourcecode.c.h; path = ProfileViewController.h; sourceTree = "<group>"; };
		42E9569B150F16A5004CD3FA /* ProfileViewController.m */ = {isa = PBXFileReference; fileEncoding = 4; lastKnownFileType = sourcecode.c.objc; path = ProfileViewController.m; sourceTree = "<group>"; };
		42E9569E150F17EA004CD3FA /* User.h */ = {isa = PBXFileReference; fileEncoding = 4; lastKnownFileType = sourcecode.c.h; path = User.h; sourceTree = "<group>"; };
		42E9569F150F17EA004CD3FA /* User.m */ = {isa = PBXFileReference; fileEncoding = 4; lastKnownFileType = sourcecode.c.objc; path = User.m; sourceTree = "<group>"; };
		42E956A1150F19F7004CD3FA /* MainTabBarViewController.h */ = {isa = PBXFileReference; fileEncoding = 4; lastKnownFileType = sourcecode.c.h; path = MainTabBarViewController.h; sourceTree = "<group>"; };
		42E956A2150F19F7004CD3FA /* MainTabBarViewController.m */ = {isa = PBXFileReference; fileEncoding = 4; lastKnownFileType = sourcecode.c.objc; path = MainTabBarViewController.m; sourceTree = "<group>"; };
		42EFFDCF1513D84800F82E03 /* QuartzCore.framework */ = {isa = PBXFileReference; lastKnownFileType = wrapper.framework; name = QuartzCore.framework; path = System/Library/Frameworks/QuartzCore.framework; sourceTree = SDKROOT; };
		42EFFDD11513DD8500F82E03 /* WeightChartViewController.h */ = {isa = PBXFileReference; fileEncoding = 4; lastKnownFileType = sourcecode.c.h; path = WeightChartViewController.h; sourceTree = "<group>"; };
		42EFFDD21513DD8500F82E03 /* WeightChartViewController.m */ = {isa = PBXFileReference; fileEncoding = 4; lastKnownFileType = sourcecode.c.objc; path = WeightChartViewController.m; sourceTree = "<group>"; };
/* End PBXFileReference section */

/* Begin PBXFrameworksBuildPhase section */
		42E95668150EFB13004CD3FA /* Frameworks */ = {
			isa = PBXFrameworksBuildPhase;
			buildActionMask = 2147483647;
			files = (
				42EFFDD01513D84800F82E03 /* QuartzCore.framework in Frameworks */,
				42E95670150EFB13004CD3FA /* UIKit.framework in Frameworks */,
				42E95672150EFB13004CD3FA /* Foundation.framework in Frameworks */,
				42E95674150EFB13004CD3FA /* CoreGraphics.framework in Frameworks */,
				42569E5A1516F9C6009834B0 /* libCorePlot-CocoaTouch.a in Frameworks */,
			);
			runOnlyForDeploymentPostprocessing = 0;
		};
/* End PBXFrameworksBuildPhase section */

/* Begin PBXGroup section */
		42569E091516F9C6009834B0 /* CorePlotHeaders */ = {
			isa = PBXGroup;
			children = (
				42569E0A1516F9C6009834B0 /* _CPTConstraintsFixed.h */,
				42569E0B1516F9C6009834B0 /* _CPTConstraintsRelative.h */,
				42569E0C1516F9C6009834B0 /* _CPTDarkGradientTheme.h */,
				42569E0D1516F9C6009834B0 /* _CPTFillColor.h */,
				42569E0E1516F9C6009834B0 /* _CPTFillGradient.h */,
				42569E0F1516F9C6009834B0 /* _CPTFillImage.h */,
				42569E101516F9C6009834B0 /* _CPTPlainBlackTheme.h */,
				42569E111516F9C6009834B0 /* _CPTPlainWhiteTheme.h */,
				42569E121516F9C6009834B0 /* _CPTSlateTheme.h */,
				42569E131516F9C6009834B0 /* _CPTStocksTheme.h */,
				42569E141516F9C6009834B0 /* _CPTXYTheme.h */,
				42569E151516F9C6009834B0 /* CorePlot-CocoaTouch.h */,
				42569E161516F9C6009834B0 /* CPTAnnotation.h */,
				42569E171516F9C6009834B0 /* CPTAnnotationHostLayer.h */,
				42569E181516F9C6009834B0 /* CPTAxis.h */,
				42569E191516F9C6009834B0 /* CPTAxisLabel.h */,
				42569E1A1516F9C6009834B0 /* CPTAxisLabelGroup.h */,
				42569E1B1516F9C6009834B0 /* CPTAxisSet.h */,
				42569E1C1516F9C6009834B0 /* CPTAxisTitle.h */,
				42569E1D1516F9C6009834B0 /* CPTBarPlot.h */,
				42569E1E1516F9C6009834B0 /* CPTBorderedLayer.h */,
				42569E1F1516F9C6009834B0 /* CPTColor.h */,
				42569E201516F9C6009834B0 /* CPTColorSpace.h */,
				42569E211516F9C6009834B0 /* CPTConstraints.h */,
				42569E221516F9C6009834B0 /* CPTDefinitions.h */,
				42569E231516F9C6009834B0 /* CPTExceptions.h */,
				42569E241516F9C6009834B0 /* CPTFill.h */,
				42569E251516F9C6009834B0 /* CPTGradient.h */,
				42569E261516F9C6009834B0 /* CPTGraph.h */,
				42569E271516F9C6009834B0 /* CPTGraphHostingView.h */,
				42569E281516F9C6009834B0 /* CPTGridLineGroup.h */,
				42569E291516F9C6009834B0 /* CPTGridLines.h */,
				42569E2A1516F9C6009834B0 /* CPTImage.h */,
				42569E2B1516F9C6009834B0 /* CPTLayer.h */,
				42569E2C1516F9C6009834B0 /* CPTLayerAnnotation.h */,
				42569E2D1516F9C6009834B0 /* CPTLegend.h */,
				42569E2E1516F9C6009834B0 /* CPTLegendEntry.h */,
				42569E2F1516F9C6009834B0 /* CPTLimitBand.h */,
				42569E301516F9C6009834B0 /* CPTLineCap.h */,
				42569E311516F9C6009834B0 /* CPTLineStyle.h */,
				42569E321516F9C6009834B0 /* CPTMutableLineStyle.h */,
				42569E331516F9C6009834B0 /* CPTMutableNumericData+TypeConversion.h */,
				42569E341516F9C6009834B0 /* CPTMutableNumericData.h */,
				42569E351516F9C6009834B0 /* CPTMutablePlotRange.h */,
				42569E361516F9C6009834B0 /* CPTMutableShadow.h */,
				42569E371516F9C6009834B0 /* CPTMutableTextStyle.h */,
				42569E381516F9C6009834B0 /* CPTNumericData+TypeConversion.h */,
				42569E391516F9C6009834B0 /* CPTNumericData.h */,
				42569E3A1516F9C6009834B0 /* CPTNumericDataType.h */,
				42569E3B1516F9C6009834B0 /* CPTPathExtensions.h */,
				42569E3C1516F9C6009834B0 /* CPTPieChart.h */,
				42569E3D1516F9C6009834B0 /* CPTPlatformSpecificCategories.h */,
				42569E3E1516F9C6009834B0 /* CPTPlatformSpecificDefines.h */,
				42569E3F1516F9C6009834B0 /* CPTPlatformSpecificFunctions.h */,
				42569E401516F9C6009834B0 /* CPTPlot.h */,
				42569E411516F9C6009834B0 /* CPTPlotArea.h */,
				42569E421516F9C6009834B0 /* CPTPlotAreaFrame.h */,
				42569E431516F9C6009834B0 /* CPTPlotGroup.h */,
				42569E441516F9C6009834B0 /* CPTPlotRange.h */,
				42569E451516F9C6009834B0 /* CPTPlotSpace.h */,
				42569E461516F9C6009834B0 /* CPTPlotSpaceAnnotation.h */,
				42569E471516F9C6009834B0 /* CPTPlotSymbol.h */,
				42569E481516F9C6009834B0 /* CPTRangePlot.h */,
				42569E491516F9C6009834B0 /* CPTResponder.h */,
				42569E4A1516F9C6009834B0 /* CPTScatterPlot.h */,
				42569E4B1516F9C6009834B0 /* CPTShadow.h */,
				42569E4C1516F9C6009834B0 /* CPTTextLayer.h */,
				42569E4D1516F9C6009834B0 /* CPTTextStyle.h */,
				42569E4E1516F9C6009834B0 /* CPTTheme.h */,
				42569E4F1516F9C6009834B0 /* CPTTimeFormatter.h */,
				42569E501516F9C6009834B0 /* CPTTradingRangePlot.h */,
				42569E511516F9C6009834B0 /* CPTUtilities.h */,
				42569E521516F9C6009834B0 /* CPTXYAxis.h */,
				42569E531516F9C6009834B0 /* CPTXYAxisSet.h */,
				42569E541516F9C6009834B0 /* CPTXYGraph.h */,
				42569E551516F9C6009834B0 /* CPTXYPlotSpace.h */,
				42569E561516F9C6009834B0 /* NSCoderExtensions.h */,
				42569E571516F9C6009834B0 /* NSDecimalNumberExtensions.h */,
				42569E581516F9C6009834B0 /* NSNumberExtensions.h */,
			);
			path = CorePlotHeaders;
			sourceTree = "<group>";
		};
		42BEC34F1511924B003AD1C9 /* Resources */ = {
			isa = PBXGroup;
			children = (
				42BEC3511511925D003AD1C9 /* wallpaper.jpg */,
			);
			name = Resources;
			sourceTree = "<group>";
		};
		42E95660150EFB13004CD3FA = {
			isa = PBXGroup;
			children = (
				42EFFDCF1513D84800F82E03 /* QuartzCore.framework */,
				42E95675150EFB13004CD3FA /* GroupWeightShare */,
				42E9566E150EFB13004CD3FA /* Frameworks */,
				42E9566C150EFB13004CD3FA /* Products */,
			);
			sourceTree = "<group>";
		};
		42E9566C150EFB13004CD3FA /* Products */ = {
			isa = PBXGroup;
			children = (
				42E9566B150EFB13004CD3FA /* GroupWeightShare.app */,
			);
			name = Products;
			sourceTree = "<group>";
		};
		42E9566E150EFB13004CD3FA /* Frameworks */ = {
			isa = PBXGroup;
			children = (
				42569E091516F9C6009834B0 /* CorePlotHeaders */,
				42569E591516F9C6009834B0 /* libCorePlot-CocoaTouch.a */,
				42E9566F150EFB13004CD3FA /* UIKit.framework */,
				42E95671150EFB13004CD3FA /* Foundation.framework */,
				42E95673150EFB13004CD3FA /* CoreGraphics.framework */,
			);
			name = Frameworks;
			sourceTree = "<group>";
		};
		42E95675150EFB13004CD3FA /* GroupWeightShare */ = {
			isa = PBXGroup;
			children = (
				42BEC34F1511924B003AD1C9 /* Resources */,
				42E9569D150F17D8004CD3FA /* Models */,
				42E9567E150EFB13004CD3FA /* AppDelegate.h */,
				42E9567F150EFB13004CD3FA /* AppDelegate.m */,
				42E95681150EFB13004CD3FA /* MainStoryboard.storyboard */,
				42E95684150EFB13004CD3FA /* GroupTrendViewController.h */,
				42E95685150EFB13004CD3FA /* GroupTrendViewController.m */,
				3E2EE734151839AF00FBBB44 /* 1.png */,
				3E2EE735151839AF00FBBB44 /* 2.png */,
				3E2EE736151839AF00FBBB44 /* 3.png */,
				3E2EE737151839AF00FBBB44 /* 4.png */,
				42E95676150EFB13004CD3FA /* Supporting Files */,
				42E9569A150F16A5004CD3FA /* ProfileViewController.h */,
				42E9569B150F16A5004CD3FA /* ProfileViewController.m */,
				42E956A1150F19F7004CD3FA /* MainTabBarViewController.h */,
				42E956A2150F19F7004CD3FA /* MainTabBarViewController.m */,
				42EFFDD11513DD8500F82E03 /* WeightChartViewController.h */,
				42EFFDD21513DD8500F82E03 /* WeightChartViewController.m */,
				42BA8B6315169F18009231A2 /* WeightTableViewController.h */,
				42BA8B6415169F18009231A2 /* WeightTableViewController.m */,
			);
			path = GroupWeightShare;
			sourceTree = "<group>";
		};
		42E95676150EFB13004CD3FA /* Supporting Files */ = {
			isa = PBXGroup;
			children = (
				42E95677150EFB13004CD3FA /* GroupWeightShare-Info.plist */,
				42E95678150EFB13004CD3FA /* InfoPlist.strings */,
				42E9567B150EFB13004CD3FA /* main.m */,
				42E9567D150EFB13004CD3FA /* GroupWeightShare-Prefix.pch */,
			);
			name = "Supporting Files";
			sourceTree = "<group>";
		};
		42E9569D150F17D8004CD3FA /* Models */ = {
			isa = PBXGroup;
			children = (
				42E9569E150F17EA004CD3FA /* User.h */,
				42E9569F150F17EA004CD3FA /* User.m */,
				42BA8B5C15164D22009231A2 /* Entry.h */,
				42BA8B5D15164D22009231A2 /* Entry.m */,
			);
			name = Models;
			sourceTree = "<group>";
		};
/* End PBXGroup section */

/* Begin PBXNativeTarget section */
		42E9566A150EFB13004CD3FA /* GroupWeightShare */ = {
			isa = PBXNativeTarget;
			buildConfigurationList = 42E95694150EFB13004CD3FA /* Build configuration list for PBXNativeTarget "GroupWeightShare" */;
			buildPhases = (
				42E95667150EFB13004CD3FA /* Sources */,
				42E95668150EFB13004CD3FA /* Frameworks */,
				42E95669150EFB13004CD3FA /* Resources */,
			);
			buildRules = (
			);
			dependencies = (
			);
			name = GroupWeightShare;
			productName = GroupWeightShare;
			productReference = 42E9566B150EFB13004CD3FA /* GroupWeightShare.app */;
			productType = "com.apple.product-type.application";
		};
/* End PBXNativeTarget section */

/* Begin PBXProject section */
		42E95662150EFB13004CD3FA /* Project object */ = {
			isa = PBXProject;
			attributes = {
				LastUpgradeCheck = 0430;
			};
			buildConfigurationList = 42E95665150EFB13004CD3FA /* Build configuration list for PBXProject "GroupWeightShare" */;
			compatibilityVersion = "Xcode 3.2";
			developmentRegion = English;
			hasScannedForEncodings = 0;
			knownRegions = (
				en,
			);
			mainGroup = 42E95660150EFB13004CD3FA;
			productRefGroup = 42E9566C150EFB13004CD3FA /* Products */;
			projectDirPath = "";
			projectRoot = "";
			targets = (
				42E9566A150EFB13004CD3FA /* GroupWeightShare */,
			);
		};
/* End PBXProject section */

/* Begin PBXResourcesBuildPhase section */
		42E95669150EFB13004CD3FA /* Resources */ = {
			isa = PBXResourcesBuildPhase;
			buildActionMask = 2147483647;
			files = (
				42E9567A150EFB13004CD3FA /* InfoPlist.strings in Resources */,
				42E95683150EFB13004CD3FA /* MainStoryboard.storyboard in Resources */,
				42BEC3521511925D003AD1C9 /* wallpaper.jpg in Resources */,
				3E2EE738151839AF00FBBB44 /* 1.png in Resources */,
				3E2EE739151839AF00FBBB44 /* 2.png in Resources */,
				3E2EE73A151839AF00FBBB44 /* 3.png in Resources */,
				3E2EE73B151839AF00FBBB44 /* 4.png in Resources */,
			);
			runOnlyForDeploymentPostprocessing = 0;
		};
/* End PBXResourcesBuildPhase section */

/* Begin PBXSourcesBuildPhase section */
		42E95667150EFB13004CD3FA /* Sources */ = {
			isa = PBXSourcesBuildPhase;
			buildActionMask = 2147483647;
			files = (
				42E9567C150EFB13004CD3FA /* main.m in Sources */,
				42E95680150EFB13004CD3FA /* AppDelegate.m in Sources */,
				42E95686150EFB13004CD3FA /* GroupTrendViewController.m in Sources */,
				42E9569C150F16A5004CD3FA /* ProfileViewController.m in Sources */,
				42E956A0150F17EA004CD3FA /* User.m in Sources */,
				42E956A3150F19F7004CD3FA /* MainTabBarViewController.m in Sources */,
				42EFFDD31513DD8500F82E03 /* WeightChartViewController.m in Sources */,
				42BA8B5E15164D22009231A2 /* Entry.m in Sources */,
				42BA8B6515169F18009231A2 /* WeightTableViewController.m in Sources */,
			);
			runOnlyForDeploymentPostprocessing = 0;
		};
/* End PBXSourcesBuildPhase section */

/* Begin PBXVariantGroup section */
		42E95678150EFB13004CD3FA /* InfoPlist.strings */ = {
			isa = PBXVariantGroup;
			children = (
				42E95679150EFB13004CD3FA /* en */,
			);
			name = InfoPlist.strings;
			sourceTree = "<group>";
		};
		42E95681150EFB13004CD3FA /* MainStoryboard.storyboard */ = {
			isa = PBXVariantGroup;
			children = (
				42E95682150EFB13004CD3FA /* en */,
			);
			name = MainStoryboard.storyboard;
			sourceTree = "<group>";
		};
/* End PBXVariantGroup section */

/* Begin XCBuildConfiguration section */
		42E95692150EFB13004CD3FA /* Debug */ = {
			isa = XCBuildConfiguration;
			buildSettings = {
				ALWAYS_SEARCH_USER_PATHS = NO;
				ARCHS = "$(ARCHS_STANDARD_32_BIT)";
				CLANG_ENABLE_OBJC_ARC = YES;
				"CODE_SIGN_IDENTITY[sdk=iphoneos*]" = "iPhone Developer";
				COPY_PHASE_STRIP = NO;
				GCC_C_LANGUAGE_STANDARD = gnu99;
				GCC_DYNAMIC_NO_PIC = NO;
				GCC_OPTIMIZATION_LEVEL = 0;
				GCC_PREPROCESSOR_DEFINITIONS = (
					"DEBUG=1",
					"$(inherited)",
				);
				GCC_SYMBOLS_PRIVATE_EXTERN = NO;
				GCC_VERSION = com.apple.compilers.llvm.clang.1_0;
				GCC_WARN_ABOUT_RETURN_TYPE = YES;
				GCC_WARN_UNINITIALIZED_AUTOS = YES;
				GCC_WARN_UNUSED_VARIABLE = YES;
				IPHONEOS_DEPLOYMENT_TARGET = 5.1;
				OTHER_LDFLAGS = (
					"-ObjC",
					"-all_load",
				);
				SDKROOT = iphoneos;
			};
			name = Debug;
		};
		42E95693150EFB13004CD3FA /* Release */ = {
			isa = XCBuildConfiguration;
			buildSettings = {
				ALWAYS_SEARCH_USER_PATHS = NO;
				ARCHS = "$(ARCHS_STANDARD_32_BIT)";
				CLANG_ENABLE_OBJC_ARC = YES;
				"CODE_SIGN_IDENTITY[sdk=iphoneos*]" = "iPhone Developer";
				COPY_PHASE_STRIP = YES;
				GCC_C_LANGUAGE_STANDARD = gnu99;
				GCC_VERSION = com.apple.compilers.llvm.clang.1_0;
				GCC_WARN_ABOUT_RETURN_TYPE = YES;
				GCC_WARN_UNINITIALIZED_AUTOS = YES;
				GCC_WARN_UNUSED_VARIABLE = YES;
				IPHONEOS_DEPLOYMENT_TARGET = 5.1;
				OTHER_CFLAGS = "-DNS_BLOCK_ASSERTIONS=1";
				OTHER_LDFLAGS = (
					"-ObjC",
					"-all_load",
				);
				SDKROOT = iphoneos;
				VALIDATE_PRODUCT = YES;
			};
			name = Release;
		};
		42E95695150EFB13004CD3FA /* Debug */ = {
			isa = XCBuildConfiguration;
			buildSettings = {
				GCC_PRECOMPILE_PREFIX_HEADER = YES;
				GCC_PREFIX_HEADER = "GroupWeightShare/GroupWeightShare-Prefix.pch";
				INFOPLIST_FILE = "GroupWeightShare/GroupWeightShare-Info.plist";
				LIBRARY_SEARCH_PATHS = (
					"$(inherited)",
					"\"$(SRCROOT)\"",
				);
				PRODUCT_NAME = "$(TARGET_NAME)";
				WRAPPER_EXTENSION = app;
			};
			name = Debug;
		};
		42E95696150EFB13004CD3FA /* Release */ = {
			isa = XCBuildConfiguration;
			buildSettings = {
				GCC_PRECOMPILE_PREFIX_HEADER = YES;
				GCC_PREFIX_HEADER = "GroupWeightShare/GroupWeightShare-Prefix.pch";
				INFOPLIST_FILE = "GroupWeightShare/GroupWeightShare-Info.plist";
				LIBRARY_SEARCH_PATHS = (
					"$(inherited)",
					"\"$(SRCROOT)\"",
				);
				PRODUCT_NAME = "$(TARGET_NAME)";
				WRAPPER_EXTENSION = app;
			};
			name = Release;
		};
/* End XCBuildConfiguration section */

/* Begin XCConfigurationList section */
		42E95665150EFB13004CD3FA /* Build configuration list for PBXProject "GroupWeightShare" */ = {
			isa = XCConfigurationList;
			buildConfigurations = (
				42E95692150EFB13004CD3FA /* Debug */,
				42E95693150EFB13004CD3FA /* Release */,
			);
			defaultConfigurationIsVisible = 0;
			defaultConfigurationName = Release;
		};
		42E95694150EFB13004CD3FA /* Build configuration list for PBXNativeTarget "GroupWeightShare" */ = {
			isa = XCConfigurationList;
			buildConfigurations = (
				42E95695150EFB13004CD3FA /* Debug */,
				42E95696150EFB13004CD3FA /* Release */,
			);
			defaultConfigurationIsVisible = 0;
			defaultConfigurationName = Release;
		};
/* End XCConfigurationList section */
	};
	rootObject = 42E95662150EFB13004CD3FA /* Project object */;
}
